
Microsoft Visual Studio Solution File, Format Version 12.00
# Visual Studio 15
Project("{FAE04EC0-301F-11D3-BF4B-00C04F79EFBC}") = "Assembly-CSharp", "Assembly-CSharp.csproj", "{BA1AF441-35F9-0991-41A0-90781EBB29E8}"
EndProject
Project("{FAE04EC0-301F-11D3-BF4B-00C04F79EFBC}") = "Assembly-CSharp-firstpass", "Assembly-CSharp-firstpass.csproj", "{D89423D7-BEB3-A3FA-1938-F5897ED8B717}"
EndProject
Project("{FAE04EC0-301F-11D3-BF4B-00C04F79EFBC}") = "Assembly-CSharp-Editor-firstpass", "Assembly-CSharp-Editor-firstpass.csproj", "{16E86D62-5359-A6B5-8432-8FA5FAFE5339}"
EndProject
Global
	GlobalSection(SolutionConfigurationPlatforms) = preSolution
		Debug|Any CPU = Debug|Any CPU
		Release|Any CPU = Release|Any CPU
	EndGlobalSection
	GlobalSection(ProjectConfigurationPlatforms) = postSolution
		{BA1AF441-35F9-0991-41A0-90781EBB29E8}.Debug|Any CPU.ActiveCfg = Debug|Any CPU
		{BA1AF441-35F9-0991-41A0-90781EBB29E8}.Debug|Any CPU.Build.0 = Debug|Any CPU
		{BA1AF441-35F9-0991-41A0-90781EBB29E8}.Release|Any CPU.ActiveCfg = Release|Any CPU
		{BA1AF441-35F9-0991-41A0-90781EBB29E8}.Release|Any CPU.Build.0 = Release|Any CPU
		{D89423D7-BEB3-A3FA-1938-F5897ED8B717}.Debug|Any CPU.ActiveCfg = Debug|Any CPU
		{D89423D7-BEB3-A3FA-1938-F5897ED8B717}.Debug|Any CPU.Build.0 = Debug|Any CPU
		{D89423D7-BEB3-A3FA-1938-F5897ED8B717}.Release|Any CPU.ActiveCfg = Release|Any CPU
		{D89423D7-BEB3-A3FA-1938-F5897ED8B717}.Release|Any CPU.Build.0 = Release|Any CPU
		{16E86D62-5359-A6B5-8432-8FA5FAFE5339}.Debug|Any CPU.ActiveCfg = Debug|Any CPU
		{16E86D62-5359-A6B5-8432-8FA5FAFE5339}.Debug|Any CPU.Build.0 = Debug|Any CPU
		{16E86D62-5359-A6B5-8432-8FA5FAFE5339}.Release|Any CPU.ActiveCfg = Release|Any CPU
		{16E86D62-5359-A6B5-8432-8FA5FAFE5339}.Release|Any CPU.Build.0 = Release|Any CPU
	EndGlobalSection
	GlobalSection(SolutionProperties) = preSolution
		HideSolutionNode = FALSE
	EndGlobalSection
EndGlobal
